
Microsoft Visual Studio Solution File, Format Version 12.00
# Visual Studio Version 16
VisualStudioVersion = 16.0.30907.101
MinimumVisualStudioVersion = 10.0.40219.1
Project("{FAE04EC0-301F-11D3-BF4B-00C04F79EFBC}") = "NZVirusSimulator", "NZVirusSimulator.csproj", "{8A5636A9-34A7-481E-B9FF-F00755572930}"
EndProject
Global
	GlobalSection(SolutionConfigurationPlatforms) = preSolution
		Debug|Any CPU = Debug|Any CPU
		Release|Any CPU = Release|Any CPU
	EndGlobalSection
	GlobalSection(ProjectConfigurationPlatforms) = postSolution
		{8A5636A9-34A7-481E-B9FF-F00755572930}.Debug|Any CPU.ActiveCfg = Debug|Any CPU
		{8A5636A9-34A7-481E-B9FF-F00755572930}.Debug|Any CPU.Build.0 = Debug|Any CPU
		{8A5636A9-34A7-481E-B9FF-F00755572930}.Release|Any CPU.ActiveCfg = Release|Any CPU
		{8A5636A9-34A7-481E-B9FF-F00755572930}.Release|Any CPU.Build.0 = Release|Any CPU
	EndGlobalSection
	GlobalSection(SolutionProperties) = preSolution
		HideSolutionNode = FALSE
	EndGlobalSection
	GlobalSection(ExtensibilityGlobals) = postSolution
		SolutionGuid = {0AF5473D-5BA7-4538-9853-AEE95B98F900}
	EndGlobalSection
EndGlobal
